
Microsoft Visual Studio Solution File, Format Version 11.00
# Visual Studio 2010
Project("{FAE04EC0-301F-11D3-BF4B-00C04F79EFBC}") = "AR_Test1", "Assembly-CSharp.csproj", "{0DEE1971-D1C9-0E6A-CDC4-231B3DC0A122}"
EndProject
Project("{FAE04EC0-301F-11D3-BF4B-00C04F79EFBC}") = "AR_Test1", "Assembly-CSharp-Editor.csproj", "{043FF35B-BD82-CF44-0B1C-5F7F3946FFC8}"
EndProject
Global
	GlobalSection(SolutionConfigurationPlatforms) = preSolution
		Debug|Any CPU = Debug|Any CPU
		Release|Any CPU = Release|Any CPU
	EndGlobalSection
	GlobalSection(ProjectConfigurationPlatforms) = postSolution
		{0DEE1971-D1C9-0E6A-CDC4-231B3DC0A122}.Debug|Any CPU.ActiveCfg = Debug|Any CPU
		{0DEE1971-D1C9-0E6A-CDC4-231B3DC0A122}.Debug|Any CPU.Build.0 = Debug|Any CPU
		{0DEE1971-D1C9-0E6A-CDC4-231B3DC0A122}.Release|Any CPU.ActiveCfg = Release|Any CPU
		{0DEE1971-D1C9-0E6A-CDC4-231B3DC0A122}.Release|Any CPU.Build.0 = Release|Any CPU
		{043FF35B-BD82-CF44-0B1C-5F7F3946FFC8}.Debug|Any CPU.ActiveCfg = Debug|Any CPU
		{043FF35B-BD82-CF44-0B1C-5F7F3946FFC8}.Debug|Any CPU.Build.0 = Debug|Any CPU
		{043FF35B-BD82-CF44-0B1C-5F7F3946FFC8}.Release|Any CPU.ActiveCfg = Release|Any CPU
		{043FF35B-BD82-CF44-0B1C-5F7F3946FFC8}.Release|Any CPU.Build.0 = Release|Any CPU
	EndGlobalSection
	GlobalSection(SolutionProperties) = preSolution
		HideSolutionNode = FALSE
	EndGlobalSection
	GlobalSection(MonoDevelopProperties) = preSolution
		StartupItem = Assembly-CSharp.csproj
	EndGlobalSection
EndGlobal
